
Microsoft Visual Studio Solution File, Format Version 12.00
# Visual Studio Version 16
VisualStudioVersion = 16.0.29324.140
MinimumVisualStudioVersion = 10.0.40219.1
Project("{FAE04EC0-301F-11D3-BF4B-00C04F79EFBC}") = "ProgramStructure1", "ProgramStructure1\ProgramStructure1.csproj", "{667766CB-29E3-40BF-8A04-83B3218E8ECD}"
EndProject
Global
	GlobalSection(SolutionConfigurationPlatforms) = preSolution
		Debug|Any CPU = Debug|Any CPU
		Release|Any CPU = Release|Any CPU
	EndGlobalSection
	GlobalSection(ProjectConfigurationPlatforms) = postSolution
		{667766CB-29E3-40BF-8A04-83B3218E8ECD}.Debug|Any CPU.ActiveCfg = Debug|Any CPU
		{667766CB-29E3-40BF-8A04-83B3218E8ECD}.Debug|Any CPU.Build.0 = Debug|Any CPU
		{667766CB-29E3-40BF-8A04-83B3218E8ECD}.Release|Any CPU.ActiveCfg = Release|Any CPU
		{667766CB-29E3-40BF-8A04-83B3218E8ECD}.Release|Any CPU.Build.0 = Release|Any CPU
	EndGlobalSection
	GlobalSection(SolutionProperties) = preSolution
		HideSolutionNode = FALSE
	EndGlobalSection
	GlobalSection(ExtensibilityGlobals) = postSolution
		SolutionGuid = {B21B32BA-B673-498C-995B-23BC8E8222DB}
	EndGlobalSection
EndGlobal
